
Microsoft Visual Studio Solution File, Format Version 12.00
# Visual Studio Version 17
VisualStudioVersion = 17.5.002.0
MinimumVisualStudioVersion = 10.0.40219.1
Project("{9A19103F-16F7-4668-BE54-9A1E7A4F7556}") = "DiscordAuthProxy", "DiscordAuthProxy\DiscordAuthProxy.csproj", "{80182917-AE12-4AE5-A649-A5705C922FBC}"
EndProject
Global
	GlobalSection(SolutionConfigurationPlatforms) = preSolution
		Debug|Any CPU = Debug|Any CPU
		Release|Any CPU = Release|Any CPU
	EndGlobalSection
	GlobalSection(ProjectConfigurationPlatforms) = postSolution
		{80182917-AE12-4AE5-A649-A5705C922FBC}.Debug|Any CPU.ActiveCfg = Debug|Any CPU
		{80182917-AE12-4AE5-A649-A5705C922FBC}.Debug|Any CPU.Build.0 = Debug|Any CPU
		{80182917-AE12-4AE5-A649-A5705C922FBC}.Release|Any CPU.ActiveCfg = Release|Any CPU
		{80182917-AE12-4AE5-A649-A5705C922FBC}.Release|Any CPU.Build.0 = Release|Any CPU
	EndGlobalSection
	GlobalSection(SolutionProperties) = preSolution
		HideSolutionNode = FALSE
	EndGlobalSection
	GlobalSection(ExtensibilityGlobals) = postSolution
		SolutionGuid = {CF993B1E-9DEC-4510-A626-FB807828C672}
	EndGlobalSection
EndGlobal
